# THIS IS AN AUTOGENERATED FILE. DO NOT EDIT THIS FILE DIRECTLY.
# yarn lockfile v1


react-swipeable@^7.0.0:
  version "7.0.0"
  resolved "https://registry.yarnpkg.com/react-swipeable/-/react-swipeable-7.0.0.tgz#7a12570ee435d35ac700511de338384aa78d12cd"
  integrity sha512-NI7KGfQ6gwNFN0Hor3vytYW3iRfMMaivGEuxcADOOfBCx/kqwXE8IfHFxEcxSUkxCYf38COLKYd9EMYZghqaUA==

ssr-window@^4.0.2:
  version "4.0.2"
  resolved "https://registry.yarnpkg.com/ssr-window/-/ssr-window-4.0.2.tgz#dc6b3ee37be86ac0e3ddc60030f7b3bc9b8553be"
  integrity sha512-ISv/Ch+ig7SOtw7G2+qkwfVASzazUnvlDTwypdLoPoySv+6MqlOV10VwPSE6EWkGjhW50lUmghPmpYZXMu/+AQ==

swiper@^9.0.5:
  version "9.0.5"
  resolved "https://registry.yarnpkg.com/swiper/-/swiper-9.0.5.tgz#cd6b6520d2431e3809f51fb8682f5a37e8295e4a"
  integrity sha512-UiLQ5fvn8L3ZZpaPa+9oiwKwhVGQt5TVc0UuXxFKHyTQe8g2E3vbPMiMfIGb6NhNGj5ntsSDyyNgg4qVmWlJkQ==
  dependencies:
    ssr-window "^4.0.2"
